{
  "version": "4",
  "specifiers": {
    "jsr:@core/unknownutil@4": "4.3.0",
    "jsr:@cosense/std@0.29": "0.29.2",
    "jsr:@cosense/types@0.10": "0.10.3",
    "jsr:@luca/esbuild-deno-loader@0.11": "0.11.1",
    "jsr:@progfay/scrapbox-parser@9": "9.2.0",
    "jsr:@std/assert@1": "1.0.10",
    "jsr:@std/assert@^1.0.10": "1.0.10",
    "jsr:@std/async@1": "1.0.9",
    "jsr:@std/bytes@^1.0.2": "1.0.4",
    "jsr:@std/collections@1": "1.0.9",
    "jsr:@std/encoding@1": "1.0.6",
    "jsr:@std/encoding@^1.0.5": "1.0.6",
    "jsr:@std/fs@^1.0.8": "1.0.8",
    "jsr:@std/internal@^1.0.5": "1.0.5",
    "jsr:@std/json@1": "1.0.1",
    "jsr:@std/path@^1.0.6": "1.0.8",
    "jsr:@std/path@^1.0.8": "1.0.8",
    "jsr:@std/streams@^1.0.7": "1.0.8",
    "jsr:@std/testing@1": "1.0.8",
    "jsr:@takker/cosense-storage@0.3": "0.3.1",
    "jsr:@takker/debug-js@0.1": "0.1.2",
    "jsr:@takker/md5@0.1": "0.1.0",
    "jsr:@takker/parser@0.1": "0.1.2",
    "jsr:@takker/parser@0.1.2": "0.1.2",
    "npm:date-fns@4": "4.1.0",
    "npm:esbuild@0.11": "0.11.23",
    "npm:gas-entry-generator@~2.5.1": "2.5.1",
    "npm:idb@8": "8.0.0",
    "npm:option-t@50": "50.0.2",
    "npm:option-t@^50.0.1": "50.0.2",
    "npm:preact@10": "10.25.2",
    "npm:socket.io-client@^4.7.5": "4.8.1"
  },
  "jsr": {
    "@core/unknownutil@4.3.0": {
      "integrity": "538a3687ffa81028e91d148818047df219663d0da671d906cecd165581ae55cc"
    },
    "@cosense/std@0.29.2": {
      "integrity": "668d473666b38cf8320394dfb96d31625b3856716f591671687d245af211f3d4",
      "dependencies": [
        "jsr:@core/unknownutil",
        "jsr:@cosense/types",
        "jsr:@progfay/scrapbox-parser",
        "jsr:@std/async",
        "jsr:@std/encoding@1",
        "jsr:@std/json",
        "jsr:@takker/md5",
        "npm:option-t@50",
        "npm:socket.io-client"
      ]
    },
    "@cosense/types@0.10.3": {
      "integrity": "f3b74d2bd23d185606203e250b3eb5b7cbfffb9c77f2a788ef2dddb9605cffb1"
    },
    "@luca/esbuild-deno-loader@0.11.1": {
      "integrity": "dc020d16d75b591f679f6b9288b10f38bdb4f24345edb2f5732affa1d9885267",
      "dependencies": [
        "jsr:@std/bytes",
        "jsr:@std/encoding@^1.0.5",
        "jsr:@std/path@^1.0.6"
      ]
    },
    "@progfay/scrapbox-parser@9.2.0": {
      "integrity": "82ebb95e72dd0ea44547fd48e2bcb479fd2275fc26c4515598f742e5aaf6e0e5"
    },
    "@std/assert@1.0.10": {
      "integrity": "59b5cbac5bd55459a19045d95cc7c2ff787b4f8527c0dd195078ff6f9481fbb3",
      "dependencies": [
        "jsr:@std/internal"
      ]
    },
    "@std/async@1.0.9": {
      "integrity": "c6472fd0623b3f3daae023cdf7ca5535e1b721dfbf376562c0c12b3fb4867f91"
    },
    "@std/bytes@1.0.4": {
      "integrity": "11a0debe522707c95c7b7ef89b478c13fb1583a7cfb9a85674cd2cc2e3a28abc"
    },
    "@std/collections@1.0.9": {
      "integrity": "4f58104ead08a04a2199374247f07befe50ba01d9cca8cbb23ab9a0419921e71"
    },
    "@std/encoding@1.0.6": {
      "integrity": "ca87122c196e8831737d9547acf001766618e78cd8c33920776c7f5885546069"
    },
    "@std/fs@1.0.8": {
      "integrity": "161c721b6f9400b8100a851b6f4061431c538b204bb76c501d02c508995cffe0",
      "dependencies": [
        "jsr:@std/path@^1.0.8"
      ]
    },
    "@std/internal@1.0.5": {
      "integrity": "54a546004f769c1ac9e025abd15a76b6671ddc9687e2313b67376125650dc7ba"
    },
    "@std/json@1.0.1": {
      "integrity": "1f0f70737e8827f9acca086282e903677bc1bb0c8ffcd1f21bca60039563049f",
      "dependencies": [
        "jsr:@std/streams"
      ]
    },
    "@std/path@1.0.8": {
      "integrity": "548fa456bb6a04d3c1a1e7477986b6cffbce95102d0bb447c67c4ee70e0364be"
    },
    "@std/streams@1.0.8": {
      "integrity": "b41332d93d2cf6a82fe4ac2153b930adf1a859392931e2a19d9fabfb6f154fb3"
    },
    "@std/testing@1.0.8": {
      "integrity": "ceef535808fb7568e91b0f8263599bd29b1c5603ffb0377227f00a8ca9fe42a2",
      "dependencies": [
        "jsr:@std/assert@^1.0.10",
        "jsr:@std/fs",
        "jsr:@std/internal",
        "jsr:@std/path@^1.0.8"
      ]
    },
    "@takker/cosense-storage@0.3.1": {
      "integrity": "731bff9f944150af414feb301a5f933bc186430ca46d97d969f15bd35f070de9",
      "dependencies": [
        "jsr:@cosense/std",
        "jsr:@cosense/types",
        "jsr:@takker/debug-js",
        "npm:date-fns",
        "npm:idb",
        "npm:option-t@^50.0.1"
      ]
    },
    "@takker/debug-js@0.1.2": {
      "integrity": "e40584f3705bec776fb469b46fc084a28e967e3a89b20df492ec4f641ecc4af0"
    },
    "@takker/md5@0.1.0": {
      "integrity": "4c423d8247aadf7bcb1eb83c727bf28c05c21906e916517395d00aa157b6eae0"
    },
    "@takker/parser@0.1.2": {
      "integrity": "c75818713aa21bef6200ff710d8d3acee8a334cf71ffb75195495e67ee8ffb98"
    }
  },
  "npm": {
    "@socket.io/component-emitter@3.1.2": {
      "integrity": "sha512-9BCxFwvbGg/RsZK9tjXd8s4UcwR0MWeFQ1XEKIQVVvAGJyINdrqKMcTRyLoK8Rse1GjzLV9cwjWV1olXRWEXVA=="
    },
    "date-fns@4.1.0": {
      "integrity": "sha512-Ukq0owbQXxa/U3EGtsdVBkR1w7KOQ5gIBqdH2hkvknzZPYvBxb/aa6E8L7tmjFtkwZBu3UXBbjIgPo/Ez4xaNg=="
    },
    "debug@4.3.7": {
      "integrity": "sha512-Er2nc/H7RrMXZBFCEim6TCmMk02Z8vLC2Rbi1KEBggpo0fS6l0S1nnapwmIi3yW/+GOJap1Krg4w0Hg80oCqgQ==",
      "dependencies": [
        "ms"
      ]
    },
    "deep-is@0.1.4": {
      "integrity": "sha512-oIPzksmTg4/MriiaYGO+okXDT7ztn/w3Eptv/+gSIdMdKsJo0u4CfYNFJPy+4SKMuCqGw2wxnA+URMg3t8a/bQ=="
    },
    "engine.io-client@6.6.2": {
      "integrity": "sha512-TAr+NKeoVTjEVW8P3iHguO1LO6RlUz9O5Y8o7EY0fU+gY1NYqas7NN3slpFtbXEsLMHk0h90fJMfKjRkQ0qUIw==",
      "dependencies": [
        "@socket.io/component-emitter",
        "debug",
        "engine.io-parser",
        "ws",
        "xmlhttprequest-ssl"
      ]
    },
    "engine.io-parser@5.2.3": {
      "integrity": "sha512-HqD3yTBfnBxIrbnM1DoD6Pcq8NECnh8d4As1Qgh0z5Gg3jRRIqijury0CL3ghu/edArpUYiYqQiDUQBIs4np3Q=="
    },
    "esbuild@0.11.23": {
      "integrity": "sha512-iaiZZ9vUF5wJV8ob1tl+5aJTrwDczlvGP0JoMmnpC2B0ppiMCu8n8gmy5ZTGl5bcG081XBVn+U+jP+mPFm5T5Q=="
    },
    "escodegen@2.0.0": {
      "integrity": "sha512-mmHKys/C8BFUGI+MAWNcSYoORYLMdPzjrknd2Vc+bUsjN5bXcr8EhrNB+UTqfL1y3I9c4fw2ihgtMPQLBRiQxw==",
      "dependencies": [
        "esprima",
        "estraverse",
        "esutils",
        "optionator",
        "source-map"
      ]
    },
    "esprima-next@5.8.4": {
      "integrity": "sha512-8nYVZ4ioIH4Msjb/XmhnBdz5WRRBaYqevKa1cv9nGJdCehMbzZCPNEEnqfLCZVetUVrUPEcb5IYyu1GG4hFqgg=="
    },
    "esprima@4.0.1": {
      "integrity": "sha512-eGuFFw7Upda+g4p+QHvnW0RyTX/SVeJBDM/gCtMARO0cLuT2HcEKnTPvhjV6aGeqrCB/sbNop0Kszm0jsaWU4A=="
    },
    "estraverse@5.3.0": {
      "integrity": "sha512-MMdARuVEQziNTeJD8DgMqmhwR11BRQ/cBP+pLtYdSTnf3MIO8fFeiINEbX36ZdNlfU/7A9f3gUw49B3oQsvwBA=="
    },
    "esutils@2.0.3": {
      "integrity": "sha512-kVscqXk4OCp68SZ0dkgEKVi6/8ij300KBWTJq32P/dYeWTSwK41WyTxalN1eRmA5Z9UU/LX9D7FWSmV9SAYx6g=="
    },
    "fast-levenshtein@2.0.6": {
      "integrity": "sha512-DCXu6Ifhqcks7TZKY3Hxp3y6qphY5SJZmrWMDrKcERSOXWQdMhU9Ig/PYrzyw/ul9jOIyh0N4M0tbC5hodg8dw=="
    },
    "gas-entry-generator@2.5.1": {
      "integrity": "sha512-grd9Qvbm8AgyoDlUCKsbLpPVBFQm+Giv/7xmcINLSQfCELIxg6Cb/C2bOYfqZFjWhsGYwU2ZrWy3mt2XtWjHKA==",
      "dependencies": [
        "escodegen",
        "esprima-next",
        "estraverse"
      ]
    },
    "idb@8.0.0": {
      "integrity": "sha512-l//qvlAKGmQO31Qn7xdzagVPPaHTxXx199MhrAFuVBTPqydcPYBWjkrbv4Y0ktB+GmWOiwHl237UUOrLmQxLvw=="
    },
    "levn@0.3.0": {
      "integrity": "sha512-0OO4y2iOHix2W6ujICbKIaEQXvFQHue65vUG3pb5EUomzPI90z9hsA1VsO/dbIIpC53J8gxM9Q4Oho0jrCM/yA==",
      "dependencies": [
        "prelude-ls",
        "type-check"
      ]
    },
    "ms@2.1.3": {
      "integrity": "sha512-6FlzubTLZG3J2a/NVCAleEhjzq5oxgHyaCU9yYXvcLsvoVaHJq/s5xXI6/XXP6tz7R9xAOtHnSO/tXtF3WRTlA=="
    },
    "option-t@50.0.2": {
      "integrity": "sha512-tIGimxb003CDEqu7f+SJtDDVK5LKAlbLt7q5tW5vFMiBb7QXqESXhgmP5bF+BUnShOKRTBfI/PHZBv7I+NHlig=="
    },
    "optionator@0.8.3": {
      "integrity": "sha512-+IW9pACdk3XWmmTXG8m3upGUJst5XRGzxMRjXzAuJ1XnIFNvfhjjIuYkDvysnPQ7qzqVzLt78BCruntqRhWQbA==",
      "dependencies": [
        "deep-is",
        "fast-levenshtein",
        "levn",
        "prelude-ls",
        "type-check",
        "word-wrap"
      ]
    },
    "preact@10.25.2": {
      "integrity": "sha512-GEts1EH3oMnqdOIeXhlbBSddZ9nrINd070WBOiPO2ous1orrKGUM4SMDbwyjSWD1iMS2dBvaDjAa5qUhz3TXqw=="
    },
    "prelude-ls@1.1.2": {
      "integrity": "sha512-ESF23V4SKG6lVSGZgYNpbsiaAkdab6ZgOxe52p7+Kid3W3u3bxR4Vfd/o21dmN7jSt0IwgZ4v5MUd26FEtXE9w=="
    },
    "socket.io-client@4.8.1": {
      "integrity": "sha512-hJVXfu3E28NmzGk8o1sHhN3om52tRvwYeidbj7xKy2eIIse5IoKX3USlS6Tqt3BHAtflLIkCQBkzVrEEfWUyYQ==",
      "dependencies": [
        "@socket.io/component-emitter",
        "debug",
        "engine.io-client",
        "socket.io-parser"
      ]
    },
    "socket.io-parser@4.2.4": {
      "integrity": "sha512-/GbIKmo8ioc+NIWIhwdecY0ge+qVBSMdgxGygevmdHj24bsfgtCmcUUcQ5ZzcylGFHsN3k4HB4Cgkl96KVnuew==",
      "dependencies": [
        "@socket.io/component-emitter",
        "debug"
      ]
    },
    "source-map@0.6.1": {
      "integrity": "sha512-UjgapumWlbMhkBgzT7Ykc5YXUT46F0iKu8SGXq0bcwP5dz/h0Plj6enJqjz1Zbq2l5WaqYnrVbwWOWMyF3F47g=="
    },
    "type-check@0.3.2": {
      "integrity": "sha512-ZCmOJdvOWDBYJlzAoFkC+Q0+bUyEOS1ltgp1MGU03fqHG+dbi9tBFU2Rd9QKiDZFAYrhPh2JUf7rZRIuHRKtOg==",
      "dependencies": [
        "prelude-ls"
      ]
    },
    "word-wrap@1.2.5": {
      "integrity": "sha512-BN22B5eaMMI9UMtjrGd5g5eCYPpCPDUy0FJXbYsaT5zYxjFOckS53SQDE3pWkVoWpHXVb3BrYcEN4Twa55B5cA=="
    },
    "ws@8.17.1": {
      "integrity": "sha512-6XQFvXTkbfUOZOKKILFG1PDK2NDQs4azKQl26T0YS5CxqWLgXajbPZ+h4gZekJyRqFU8pvnbAbbs/3TgRPy+GQ=="
    },
    "xmlhttprequest-ssl@2.1.2": {
      "integrity": "sha512-TEU+nJVUUnA4CYJFLvK5X9AOeH4KvDvhIfm0vV1GaQRtchnG0hgK5p8hw/xjv8cunWYCsiPCSDzObPyhEwq3KQ=="
    }
  },
  "remote": {
    "https://raw.githubusercontent.com/takker99/takker-scheduler/0.14.12/calcStart.ts": "ed9fddfc876bd75c7340a2c341efb606f192fe0ab8ed5097b821443fa5b329ae",
    "https://raw.githubusercontent.com/takker99/takker-scheduler/0.14.12/commands/addTask.ts": "6ab2ce9bf8e1cde6fb52ff83600d051e31f7dbbded58dc77b10bc15d3fedf64a",
    "https://raw.githubusercontent.com/takker99/takker-scheduler/0.14.12/commands/createTask.ts": "1142339d56898a454174813204f86e9bb20f1dd38a34c794dacc88cc800e7800",
    "https://raw.githubusercontent.com/takker99/takker-scheduler/0.14.12/commands/endTask.ts": "a6aa04fca16f816cc65124ad480cb6d4878ae88ff9415704e5a7e6a295069d44",
    "https://raw.githubusercontent.com/takker99/takker-scheduler/0.14.12/commands/format.ts": "356daaca64b9c11854527d6581e717ac0d2456537244ce5dca481ea60d65672b",
    "https://raw.githubusercontent.com/takker99/takker-scheduler/0.14.12/commands/getLineRange.ts": "6d02dfdb298174ac80e2f95ab0f00af3e8347fa94d3d39c65006231f989c8ac8",
    "https://raw.githubusercontent.com/takker99/takker-scheduler/0.14.12/commands/makeJudgeTimeFromSelection.ts": "782aaa758e65d2b6154aa237456072ae971ea0da69e5db83e23d61a9e90efca2",
    "https://raw.githubusercontent.com/takker99/takker-scheduler/0.14.12/commands/modifyTasks.ts": "de384144d1d8e9a5c6bacb6553b2d5139342a899324d6a3146b845d7453d5b0f",
    "https://raw.githubusercontent.com/takker99/takker-scheduler/0.14.12/commands/moveToday.ts": "3d766e9f9b9b10ad4f9f3d2f666d41b565b1af1dbdea588ca2aca291bf6cdadb",
    "https://raw.githubusercontent.com/takker99/takker-scheduler/0.14.12/commands/posterioriEndTask.ts": "9078d707751f40e1829f1080dbcd016c8165a9e216d1fed82053d6c4e4c0e406",
    "https://raw.githubusercontent.com/takker99/takker-scheduler/0.14.12/commands/startTask.ts": "9e9e7006dedea8b7a23665cd3d311a67ee96f7230457e73e8505092b23549af5",
    "https://raw.githubusercontent.com/takker99/takker-scheduler/0.14.12/commands/toggleTask.ts": "8d334384e64ba4997b3a6f7e9d35039285a9f9665934aaf7a13355b9da3709a9",
    "https://raw.githubusercontent.com/takker99/takker-scheduler/0.14.12/commands/transport.ts": "1980a424f2c1d745a12f19421238569970f31e3d1ac66eaaa4b5aef4320fb1c7",
    "https://raw.githubusercontent.com/takker99/takker-scheduler/0.14.12/commands/walkDay.ts": "d20b7f8c8e9d040760aa87651de3447d37e5dc19823a9aeb58fa8774d274a4b8",
    "https://raw.githubusercontent.com/takker99/takker-scheduler/0.14.12/deps/async.ts": "dfbae37313c9bba050b09af65275c417b379fb0460b7a43662057a67bce69d11",
    "https://raw.githubusercontent.com/takker99/takker-scheduler/0.14.12/deps/date-fns.ts": "62c380b9287b21c7b1c773ff6f87b1b1944f390ac208a09a29fea56e0aa360e5",
    "https://raw.githubusercontent.com/takker99/takker-scheduler/0.14.12/deps/option-t.ts": "724134e823d0291cf1f4f249ac7e136db70fe3f63fa6e349b3fae4e444cd6bf5",
    "https://raw.githubusercontent.com/takker99/takker-scheduler/0.14.12/deps/scrapbox-std-dom.ts": "c1ce92c3dbbfd9c785180d626f233b8748e7f216d294794e816b96f24b6c0836",
    "https://raw.githubusercontent.com/takker99/takker-scheduler/0.14.12/deps/scrapbox-std.ts": "8050baf176214355e558249e9ee8d22933f54653ae5ac217c51151365b9c0e40",
    "https://raw.githubusercontent.com/takker99/takker-scheduler/0.14.12/deps/scrapbox-websocket.ts": "34b42e510ebbb694420969d5cc4746a409def77ab5c98e49437654b1a9824683",
    "https://raw.githubusercontent.com/takker99/takker-scheduler/0.14.12/diary.ts": "446b598f3f316353a69d3319cbbd54c1c7087027712b67628c7e6ce2176e26f1",
    "https://raw.githubusercontent.com/takker99/takker-scheduler/0.14.12/mod.ts": "8788e05c9a1ff49a2777ae13fbbeac7dd3d081316a8b78d0e595bbed48c31c2f",
    "https://raw.githubusercontent.com/takker99/takker-scheduler/0.14.12/parseSpecifier.ts": "6185e7f8f1041e2becb8bc3f7c59e601b77cd25fd371620344832f7e2d613463",
    "https://raw.githubusercontent.com/takker99/takker-scheduler/0.14.12/pushTasks.ts": "f8136e65f9f37e1f468f6eb509c08491fe1d854d50801e9ccf818a7eacfe113b",
    "https://raw.githubusercontent.com/takker99/takker-scheduler/0.14.12/task.ts": "2522fbe4ec94f3d338970fbc317b7a58ea07394b756555fe3a53af21741a5448",
    "https://raw.githubusercontent.com/takker99/takker-scheduler/0.14.12/utils.ts": "bb5ab85fbdea2cc9767379db15a886ea7ad8c10855b6453981c56c9a3fd4f564",
    "https://scrapbox.io/api/code/takker/%E4%BD%9C%E6%A5%AD%E6%99%82%E9%96%93%E3%82%92%F0%9F%8D%85%E3%81%A7%E3%83%AA%E3%82%A2%E3%83%AB%E3%82%BF%E3%82%A4%E3%83%A0%E3%81%AB%E8%A1%A8%E7%A4%BA%E3%81%99%E3%82%8BUserScript/main.ts": "bc6ace80a63ab8f9edcb95d3b2980b00d840f20953ca06ebd1b1dfc0503cd6e7",
    "https://scrapbox.io/api/code/takker/takker99%2Ftakker-scheduler/deps.ts": "201392f35074bdc01c094eba34ce466d66c63ab6069e8d5fa2b819856fb3ad33"
  }
}
